# This is a Gradle generated file for dependency locking.
# Manual edits can break the build and are not advised.
# This file is expected to be part of source control.
com.fasterxml.jackson.core:jackson-annotations:2.11.2
com.fasterxml.jackson.core:jackson-core:2.11.2
com.fasterxml.jackson.core:jackson-databind:2.11.2
com.fasterxml.jackson.dataformat:jackson-dataformat-yaml:2.11.2
com.fasterxml.jackson.datatype:jackson-datatype-jsr310:2.11.2
com.fasterxml.jackson.module:jackson-module-jaxb-annotations:2.11.2
com.fkorotkov:kubernetes-dsl:2.8.1
com.github.mifmif:generex:1.0.2
com.squareup.okhttp3:logging-interceptor:3.12.12
com.squareup.okhttp3:okhttp:3.12.12
com.squareup.okio:okio:1.15.0
dk.brics.automaton:automaton:1.11-8
io.fabric8:kubernetes-client:5.0.0
io.fabric8:kubernetes-model-admissionregistration:5.0.0
io.fabric8:kubernetes-model-apiextensions:5.0.0
io.fabric8:kubernetes-model-apps:5.0.0
io.fabric8:kubernetes-model-autoscaling:5.0.0
io.fabric8:kubernetes-model-batch:5.0.0
io.fabric8:kubernetes-model-certificates:5.0.0
io.fabric8:kubernetes-model-common:5.0.0
io.fabric8:kubernetes-model-coordination:5.0.0
io.fabric8:kubernetes-model-core:5.0.0
io.fabric8:kubernetes-model-discovery:5.0.0
io.fabric8:kubernetes-model-events:5.0.0
io.fabric8:kubernetes-model-extensions:5.0.0
io.fabric8:kubernetes-model-metrics:5.0.0
io.fabric8:kubernetes-model-networking:5.0.0
io.fabric8:kubernetes-model-node:5.0.0
io.fabric8:kubernetes-model-policy:5.0.0
io.fabric8:kubernetes-model-rbac:5.0.0
io.fabric8:kubernetes-model-scheduling:5.0.0
io.fabric8:kubernetes-model-settings:5.0.0
io.fabric8:kubernetes-model-storageclass:5.0.0
io.fabric8:kubernetes-model:4.10.3
io.fabric8:openshift-model:4.10.3
io.fabric8:zjsonpatch:0.3.0
jakarta.activation:jakarta.activation-api:1.2.1
jakarta.xml.bind:jakarta.xml.bind-api:2.3.2
org.jetbrains.kotlin:kotlin-reflect:1.4.21-2
org.jetbrains.kotlin:kotlin-stdlib-common:1.4.21-2
org.jetbrains.kotlin:kotlin-stdlib:1.4.21-2
org.jetbrains:annotations:13.0
org.slf4j:slf4j-api:1.7.30
org.slf4j:slf4j-simple:1.7.30
org.yaml:snakeyaml:1.26
